
Microsoft Visual Studio Solution File, Format Version 12.00
# Visual Studio Version 16
VisualStudioVersion = 16.0.31019.35
MinimumVisualStudioVersion = 10.0.40219.1
Project("{FAE04EC0-301F-11D3-BF4B-00C04F79EFBC}") = "ZodiacPrinterClient", "ZodiacPrinterClient.csproj", "{F14F67AF-AB2F-4553-B543-FE2475CA8514}"
EndProject
Global
	GlobalSection(SolutionConfigurationPlatforms) = preSolution
		Debug|Any CPU = Debug|Any CPU
		Release|Any CPU = Release|Any CPU
	EndGlobalSection
	GlobalSection(ProjectConfigurationPlatforms) = postSolution
		{F14F67AF-AB2F-4553-B543-FE2475CA8514}.Debug|Any CPU.ActiveCfg = Debug|Any CPU
		{F14F67AF-AB2F-4553-B543-FE2475CA8514}.Debug|Any CPU.Build.0 = Debug|Any CPU
		{F14F67AF-AB2F-4553-B543-FE2475CA8514}.Release|Any CPU.ActiveCfg = Release|Any CPU
		{F14F67AF-AB2F-4553-B543-FE2475CA8514}.Release|Any CPU.Build.0 = Release|Any CPU
	EndGlobalSection
	GlobalSection(SolutionProperties) = preSolution
		HideSolutionNode = FALSE
	EndGlobalSection
	GlobalSection(ExtensibilityGlobals) = postSolution
		SolutionGuid = {DBD3AEF1-3972-48C5-81B7-20B78F17A00B}
	EndGlobalSection
EndGlobal
